
Microsoft Visual Studio Solution File, Format Version 12.00
# Visual Studio Version 17
VisualStudioVersion = 17.14.36511.14 d17.14
MinimumVisualStudioVersion = 10.0.40219.1
Project("{FAE04EC0-301F-11D3-BF4B-00C04F79EFBC}") = "BadBalatro", "BadBalatro\BadBalatro.csproj", "{E8C92642-6C42-4BC4-9876-5F73F46631AB}"
EndProject
Global
	GlobalSection(SolutionConfigurationPlatforms) = preSolution
		Debug|Any CPU = Debug|Any CPU
		Release|Any CPU = Release|Any CPU
	EndGlobalSection
	GlobalSection(ProjectConfigurationPlatforms) = postSolution
		{E8C92642-6C42-4BC4-9876-5F73F46631AB}.Debug|Any CPU.ActiveCfg = Debug|Any CPU
		{E8C92642-6C42-4BC4-9876-5F73F46631AB}.Debug|Any CPU.Build.0 = Debug|Any CPU
		{E8C92642-6C42-4BC4-9876-5F73F46631AB}.Release|Any CPU.ActiveCfg = Release|Any CPU
		{E8C92642-6C42-4BC4-9876-5F73F46631AB}.Release|Any CPU.Build.0 = Release|Any CPU
	EndGlobalSection
	GlobalSection(SolutionProperties) = preSolution
		HideSolutionNode = FALSE
	EndGlobalSection
	GlobalSection(ExtensibilityGlobals) = postSolution
		SolutionGuid = {BD1D99A8-92D0-41E4-AD19-63F55ED4E9AF}
	EndGlobalSection
EndGlobal
